
Microsoft Visual Studio Solution File, Format Version 12.00
# Visual Studio Version 16
VisualStudioVersion = 16.0.28729.10
MinimumVisualStudioVersion = 10.0.40219.1
Project("{2150E333-8FDC-42A3-9474-1A3956D46DE8}") = "Common", "Common", "{6DE885E5-0E0B-4335-ABEC-7FC9712F26C7}"
EndProject
Project("{2150E333-8FDC-42A3-9474-1A3956D46DE8}") = "Services", "Services", "{25399107-2587-4BB3-9ADE-9164DCEA3A15}"
EndProject
Project("{2150E333-8FDC-42A3-9474-1A3956D46DE8}") = "UI", "UI", "{E13E6C69-A042-46F1-ACBA-021879EBE603}"
EndProject
Project("{9A19103F-16F7-4668-BE54-9A1E7A4F7556}") = "WebStore.Domain", "Common\WebStore.Domain\WebStore.Domain.csproj", "{80D504D2-E7F2-4A3A-BCD9-CD92E86CCF88}"
EndProject
Project("{9A19103F-16F7-4668-BE54-9A1E7A4F7556}") = "WebStore.DAL", "Services\WebStore.DAL\WebStore.DAL.csproj", "{901EFF02-337E-451B-9143-7CF1C8B8AFC6}"
EndProject
Project("{9A19103F-16F7-4668-BE54-9A1E7A4F7556}") = "WebStore", "UI\WebStore\WebStore.csproj", "{11C47299-1158-41CA-B1E0-F6191A97C193}"
EndProject
Project("{FAE04EC0-301F-11D3-BF4B-00C04F79EFBC}") = "WebStore.ServiceHosting", "Services\WebStore.ServiceHosting\WebStore.ServiceHosting.csproj", "{02D05CAF-D13D-4745-80E1-0BD5DFE85369}"
EndProject
Project("{FAE04EC0-301F-11D3-BF4B-00C04F79EFBC}") = "WebStore.Interfaces", "Services\WebStore.Interfaces\WebStore.Interfaces.csproj", "{444C1B81-275D-4344-B085-7E28701F6E83}"
EndProject
Project("{FAE04EC0-301F-11D3-BF4B-00C04F79EFBC}") = "WebStore.Services", "Services\WebStore.Services\WebStore.Services.csproj", "{EE5067D8-8ED5-4C17-B522-E8988CE04C8D}"
EndProject
Project("{FAE04EC0-301F-11D3-BF4B-00C04F79EFBC}") = "WebStore.Clients", "Services\WebStore.Clients\WebStore.Clients.csproj", "{E40F73C7-769C-4D2D-9542-925D9188FB3D}"
EndProject
Global
	GlobalSection(SolutionConfigurationPlatforms) = preSolution
		Debug|Any CPU = Debug|Any CPU
		Release|Any CPU = Release|Any CPU
	EndGlobalSection
	GlobalSection(ProjectConfigurationPlatforms) = postSolution
		{80D504D2-E7F2-4A3A-BCD9-CD92E86CCF88}.Debug|Any CPU.ActiveCfg = Debug|Any CPU
		{80D504D2-E7F2-4A3A-BCD9-CD92E86CCF88}.Debug|Any CPU.Build.0 = Debug|Any CPU
		{80D504D2-E7F2-4A3A-BCD9-CD92E86CCF88}.Release|Any CPU.ActiveCfg = Release|Any CPU
		{80D504D2-E7F2-4A3A-BCD9-CD92E86CCF88}.Release|Any CPU.Build.0 = Release|Any CPU
		{901EFF02-337E-451B-9143-7CF1C8B8AFC6}.Debug|Any CPU.ActiveCfg = Debug|Any CPU
		{901EFF02-337E-451B-9143-7CF1C8B8AFC6}.Debug|Any CPU.Build.0 = Debug|Any CPU
		{901EFF02-337E-451B-9143-7CF1C8B8AFC6}.Release|Any CPU.ActiveCfg = Release|Any CPU
		{901EFF02-337E-451B-9143-7CF1C8B8AFC6}.Release|Any CPU.Build.0 = Release|Any CPU
		{11C47299-1158-41CA-B1E0-F6191A97C193}.Debug|Any CPU.ActiveCfg = Debug|Any CPU
		{11C47299-1158-41CA-B1E0-F6191A97C193}.Debug|Any CPU.Build.0 = Debug|Any CPU
		{11C47299-1158-41CA-B1E0-F6191A97C193}.Release|Any CPU.ActiveCfg = Release|Any CPU
		{11C47299-1158-41CA-B1E0-F6191A97C193}.Release|Any CPU.Build.0 = Release|Any CPU
		{02D05CAF-D13D-4745-80E1-0BD5DFE85369}.Debug|Any CPU.ActiveCfg = Debug|Any CPU
		{02D05CAF-D13D-4745-80E1-0BD5DFE85369}.Debug|Any CPU.Build.0 = Debug|Any CPU
		{02D05CAF-D13D-4745-80E1-0BD5DFE85369}.Release|Any CPU.ActiveCfg = Release|Any CPU
		{02D05CAF-D13D-4745-80E1-0BD5DFE85369}.Release|Any CPU.Build.0 = Release|Any CPU
		{444C1B81-275D-4344-B085-7E28701F6E83}.Debug|Any CPU.ActiveCfg = Debug|Any CPU
		{444C1B81-275D-4344-B085-7E28701F6E83}.Debug|Any CPU.Build.0 = Debug|Any CPU
		{444C1B81-275D-4344-B085-7E28701F6E83}.Release|Any CPU.ActiveCfg = Release|Any CPU
		{444C1B81-275D-4344-B085-7E28701F6E83}.Release|Any CPU.Build.0 = Release|Any CPU
		{EE5067D8-8ED5-4C17-B522-E8988CE04C8D}.Debug|Any CPU.ActiveCfg = Debug|Any CPU
		{EE5067D8-8ED5-4C17-B522-E8988CE04C8D}.Debug|Any CPU.Build.0 = Debug|Any CPU
		{EE5067D8-8ED5-4C17-B522-E8988CE04C8D}.Release|Any CPU.ActiveCfg = Release|Any CPU
		{EE5067D8-8ED5-4C17-B522-E8988CE04C8D}.Release|Any CPU.Build.0 = Release|Any CPU
		{E40F73C7-769C-4D2D-9542-925D9188FB3D}.Debug|Any CPU.ActiveCfg = Debug|Any CPU
		{E40F73C7-769C-4D2D-9542-925D9188FB3D}.Debug|Any CPU.Build.0 = Debug|Any CPU
		{E40F73C7-769C-4D2D-9542-925D9188FB3D}.Release|Any CPU.ActiveCfg = Release|Any CPU
		{E40F73C7-769C-4D2D-9542-925D9188FB3D}.Release|Any CPU.Build.0 = Release|Any CPU
	EndGlobalSection
	GlobalSection(SolutionProperties) = preSolution
		HideSolutionNode = FALSE
	EndGlobalSection
	GlobalSection(NestedProjects) = preSolution
		{80D504D2-E7F2-4A3A-BCD9-CD92E86CCF88} = {6DE885E5-0E0B-4335-ABEC-7FC9712F26C7}
		{901EFF02-337E-451B-9143-7CF1C8B8AFC6} = {25399107-2587-4BB3-9ADE-9164DCEA3A15}
		{11C47299-1158-41CA-B1E0-F6191A97C193} = {E13E6C69-A042-46F1-ACBA-021879EBE603}
		{02D05CAF-D13D-4745-80E1-0BD5DFE85369} = {25399107-2587-4BB3-9ADE-9164DCEA3A15}
		{444C1B81-275D-4344-B085-7E28701F6E83} = {25399107-2587-4BB3-9ADE-9164DCEA3A15}
		{EE5067D8-8ED5-4C17-B522-E8988CE04C8D} = {25399107-2587-4BB3-9ADE-9164DCEA3A15}
		{E40F73C7-769C-4D2D-9542-925D9188FB3D} = {25399107-2587-4BB3-9ADE-9164DCEA3A15}
	EndGlobalSection
	GlobalSection(ExtensibilityGlobals) = postSolution
		SolutionGuid = {4E50736C-937D-41A4-B9AA-F79FFDB6A160}
	EndGlobalSection
EndGlobal
